
Microsoft Visual Studio Solution File, Format Version 12.00
# Visual Studio 15
VisualStudioVersion = 15.0.27130.2027
MinimumVisualStudioVersion = 10.0.40219.1
Project("{8BC9CEB8-8B4A-11D0-8D11-00A0C91BC942}") = "Lab4", "Lab4\Lab4.vcxproj", "{D08F7347-78EC-4ED7-B0ED-2A56239FEA05}"
EndProject
Global
	GlobalSection(SolutionConfigurationPlatforms) = preSolution
		Debug|x64 = Debug|x64
		Debug|x86 = Debug|x86
		Release|x64 = Release|x64
		Release|x86 = Release|x86
	EndGlobalSection
	GlobalSection(ProjectConfigurationPlatforms) = postSolution
		{D08F7347-78EC-4ED7-B0ED-2A56239FEA05}.Debug|x64.ActiveCfg = Debug|x64
		{D08F7347-78EC-4ED7-B0ED-2A56239FEA05}.Debug|x64.Build.0 = Debug|x64
		{D08F7347-78EC-4ED7-B0ED-2A56239FEA05}.Debug|x86.ActiveCfg = Debug|Win32
		{D08F7347-78EC-4ED7-B0ED-2A56239FEA05}.Debug|x86.Build.0 = Debug|Win32
		{D08F7347-78EC-4ED7-B0ED-2A56239FEA05}.Release|x64.ActiveCfg = Release|x64
		{D08F7347-78EC-4ED7-B0ED-2A56239FEA05}.Release|x64.Build.0 = Release|x64
		{D08F7347-78EC-4ED7-B0ED-2A56239FEA05}.Release|x86.ActiveCfg = Release|Win32
		{D08F7347-78EC-4ED7-B0ED-2A56239FEA05}.Release|x86.Build.0 = Release|Win32
	EndGlobalSection
	GlobalSection(SolutionProperties) = preSolution
		HideSolutionNode = FALSE
	EndGlobalSection
	GlobalSection(ExtensibilityGlobals) = postSolution
		SolutionGuid = {46F7EC04-5D80-46A6-AF31-6362E5F88B1F}
	EndGlobalSection
EndGlobal
